
Microsoft Visual Studio Solution File, Format Version 11.00
# Visual Basic Express 2010
Project("{F184B08F-C81C-45F6-A57F-5ABD9991F28F}") = "SimpleD", "SimpleD.vbproj", "{CF7F1E18-6B56-4F3B-8451-C7F52D0C2D21}"
EndProject
Project("{F184B08F-C81C-45F6-A57F-5ABD9991F28F}") = "TestChamber", "TestChamber\TestChamber.vbproj", "{DEE6E205-D0EC-463A-B758-8F9E1F73C127}"
EndProject
Global
	GlobalSection(SolutionConfigurationPlatforms) = preSolution
		Debug|Any CPU = Debug|Any CPU
		Debug|Mixed Platforms = Debug|Mixed Platforms
		Debug|x86 = Debug|x86
		Release|Any CPU = Release|Any CPU
		Release|Mixed Platforms = Release|Mixed Platforms
		Release|x86 = Release|x86
	EndGlobalSection
	GlobalSection(ProjectConfigurationPlatforms) = postSolution
		{CF7F1E18-6B56-4F3B-8451-C7F52D0C2D21}.Debug|Any CPU.ActiveCfg = Debug|Any CPU
		{CF7F1E18-6B56-4F3B-8451-C7F52D0C2D21}.Debug|Any CPU.Build.0 = Debug|Any CPU
		{CF7F1E18-6B56-4F3B-8451-C7F52D0C2D21}.Debug|Mixed Platforms.ActiveCfg = Debug|Any CPU
		{CF7F1E18-6B56-4F3B-8451-C7F52D0C2D21}.Debug|Mixed Platforms.Build.0 = Debug|Any CPU
		{CF7F1E18-6B56-4F3B-8451-C7F52D0C2D21}.Debug|x86.ActiveCfg = Debug|Any CPU
		{CF7F1E18-6B56-4F3B-8451-C7F52D0C2D21}.Release|Any CPU.ActiveCfg = Release|Any CPU
		{CF7F1E18-6B56-4F3B-8451-C7F52D0C2D21}.Release|Any CPU.Build.0 = Release|Any CPU
		{CF7F1E18-6B56-4F3B-8451-C7F52D0C2D21}.Release|Mixed Platforms.ActiveCfg = Release|Any CPU
		{CF7F1E18-6B56-4F3B-8451-C7F52D0C2D21}.Release|Mixed Platforms.Build.0 = Release|Any CPU
		{CF7F1E18-6B56-4F3B-8451-C7F52D0C2D21}.Release|x86.ActiveCfg = Release|Any CPU
		{DEE6E205-D0EC-463A-B758-8F9E1F73C127}.Debug|Any CPU.ActiveCfg = Debug|x86
		{DEE6E205-D0EC-463A-B758-8F9E1F73C127}.Debug|Mixed Platforms.ActiveCfg = Debug|x86
		{DEE6E205-D0EC-463A-B758-8F9E1F73C127}.Debug|Mixed Platforms.Build.0 = Debug|x86
		{DEE6E205-D0EC-463A-B758-8F9E1F73C127}.Debug|x86.ActiveCfg = Debug|x86
		{DEE6E205-D0EC-463A-B758-8F9E1F73C127}.Debug|x86.Build.0 = Debug|x86
		{DEE6E205-D0EC-463A-B758-8F9E1F73C127}.Release|Any CPU.ActiveCfg = Release|x86
		{DEE6E205-D0EC-463A-B758-8F9E1F73C127}.Release|Mixed Platforms.ActiveCfg = Release|x86
		{DEE6E205-D0EC-463A-B758-8F9E1F73C127}.Release|Mixed Platforms.Build.0 = Release|x86
		{DEE6E205-D0EC-463A-B758-8F9E1F73C127}.Release|x86.ActiveCfg = Release|x86
		{DEE6E205-D0EC-463A-B758-8F9E1F73C127}.Release|x86.Build.0 = Release|x86
	EndGlobalSection
	GlobalSection(SolutionProperties) = preSolution
		HideSolutionNode = FALSE
	EndGlobalSection
EndGlobal
